lockfileVersion: '9.0'

settings:
  autoInstallPeers: true
  excludeLinksFromLockfile: false

importers:

  .:
    dependencies:
      '@modelcontextprotocol/server':
        specifier: 2.0.0-alpha.2
        version: 2.0.0-alpha.2

packages:

  '@modelcontextprotocol/server@2.0.0-alpha.2':
    resolution: {integrity: sha512-gmLgdHzlYM8L7Aw/+VE0kxjT25WKamtUSLNhdOgrJq5CrESvqVSoAfWSJJeNPUXNTluQ+dYDGFbKVitdsJtbPA==}
    engines: {node: '>=20'}
    peerDependencies:
      '@cfworker/json-schema': ^4.1.1
    peerDependenciesMeta:
      '@cfworker/json-schema':
        optional: true

  zod@4.4.1:
    resolution: {integrity: sha512-a6ENMBBGZBsnlSebQ/eKCguSBeGKSf4O7BPnqVPmYGtpBYI7VSqoVqw+QcB7kPRjbqPwhYTpFbVj/RqNz/CT0Q==}

snapshots:

  '@modelcontextprotocol/server@2.0.0-alpha.2':
    dependencies:
      zod: 4.4.1

  zod@4.4.1: {}
